
Microsoft Visual Studio Solution File, Format Version 12.00
# Visual Studio 14
VisualStudioVersion = 14.0.25420.1
MinimumVisualStudioVersion = 10.0.40219.1
Project("{8BC9CEB8-8B4A-11D0-8D11-00A0C91BC942}") = "MapConfigData", "MapConfigData\MapConfigData.vcxproj", "{B12702AD-ABFB-343A-A199-8E24837244A3}"
	ProjectSection(ProjectDependencies) = postProject
		{3064D255-1A92-4680-AF10-7FF7A90B5EF2} = {3064D255-1A92-4680-AF10-7FF7A90B5EF2}
		{CB385198-50B1-4CF4-883B-11F042DED6AA} = {CB385198-50B1-4CF4-883B-11F042DED6AA}
	EndProjectSection
EndProject
Project("{8BC9CEB8-8B4A-11D0-8D11-00A0C91BC942}") = "StormLib_dll", "StormLib\StormLib_vs15_dll.vcxproj", "{CB385198-50B1-4CF4-883B-11F042DED6AA}"
EndProject
Project("{8BC9CEB8-8B4A-11D0-8D11-00A0C91BC942}") = "ghost", "ghost\ghost.vcxproj", "{3064D255-1A92-4680-AF10-7FF7A90B5EF2}"
	ProjectSection(ProjectDependencies) = postProject
		{CB385198-50B1-4CF4-883B-11F042DED6AA} = {CB385198-50B1-4CF4-883B-11F042DED6AA}
	EndProjectSection
EndProject
Global
	GlobalSection(SolutionConfigurationPlatforms) = preSolution
		Debug MySQL|Win32 = Debug MySQL|Win32
		Debug MySQL|x64 = Debug MySQL|x64
		Debug MySQL|x86 = Debug MySQL|x86
		Debug|Win32 = Debug|Win32
		Debug|x64 = Debug|x64
		Debug|x86 = Debug|x86
		DebugAD|Win32 = DebugAD|Win32
		DebugAD|x64 = DebugAD|x64
		DebugAD|x86 = DebugAD|x86
		DebugAS|Win32 = DebugAS|Win32
		DebugAS|x64 = DebugAS|x64
		DebugAS|x86 = DebugAS|x86
		DebugUD|Win32 = DebugUD|Win32
		DebugUD|x64 = DebugUD|x64
		DebugUD|x86 = DebugUD|x86
		DebugUS|Win32 = DebugUS|Win32
		DebugUS|x64 = DebugUS|x64
		DebugUS|x86 = DebugUS|x86
		Release MySQL|Win32 = Release MySQL|Win32
		Release MySQL|x64 = Release MySQL|x64
		Release MySQL|x86 = Release MySQL|x86
		Release|Win32 = Release|Win32
		Release|x64 = Release|x64
		Release|x86 = Release|x86
		ReleaseAD|Win32 = ReleaseAD|Win32
		ReleaseAD|x64 = ReleaseAD|x64
		ReleaseAD|x86 = ReleaseAD|x86
		ReleaseAS|Win32 = ReleaseAS|Win32
		ReleaseAS|x64 = ReleaseAS|x64
		ReleaseAS|x86 = ReleaseAS|x86
		ReleaseUD|Win32 = ReleaseUD|Win32
		ReleaseUD|x64 = ReleaseUD|x64
		ReleaseUD|x86 = ReleaseUD|x86
		ReleaseUS|Win32 = ReleaseUS|Win32
		ReleaseUS|x64 = ReleaseUS|x64
		ReleaseUS|x86 = ReleaseUS|x86
	EndGlobalSection
	GlobalSection(ProjectConfigurationPlatforms) = postSolution
		{B12702AD-ABFB-343A-A199-8E24837244A3}.Debug MySQL|Win32.ActiveCfg = Debug|Win32
		{B12702AD-ABFB-343A-A199-8E24837244A3}.Debug MySQL|x64.ActiveCfg = Release|Win32
		{B12702AD-ABFB-343A-A199-8E24837244A3}.Debug MySQL|x86.ActiveCfg = Debug|Win32
		{B12702AD-ABFB-343A-A199-8E24837244A3}.Debug|Win32.ActiveCfg = Debug|Win32
		{B12702AD-ABFB-343A-A199-8E24837244A3}.Debug|x64.ActiveCfg = Debug|Win32
		{B12702AD-ABFB-343A-A199-8E24837244A3}.Debug|x86.ActiveCfg = Debug|Win32
		{B12702AD-ABFB-343A-A199-8E24837244A3}.Debug|x86.Build.0 = Debug|Win32
		{B12702AD-ABFB-343A-A199-8E24837244A3}.DebugAD|Win32.ActiveCfg = Debug|Win32
		{B12702AD-ABFB-343A-A199-8E24837244A3}.DebugAD|x64.ActiveCfg = Release|Win32
		{B12702AD-ABFB-343A-A199-8E24837244A3}.DebugAD|x64.Build.0 = Release|Win32
		{B12702AD-ABFB-343A-A199-8E24837244A3}.DebugAD|x86.ActiveCfg = Debug|Win32
		{B12702AD-ABFB-343A-A199-8E24837244A3}.DebugAD|x86.Build.0 = Debug|Win32
		{B12702AD-ABFB-343A-A199-8E24837244A3}.DebugAS|Win32.ActiveCfg = Debug|Win32
		{B12702AD-ABFB-343A-A199-8E24837244A3}.DebugAS|x64.ActiveCfg = Release|Win32
		{B12702AD-ABFB-343A-A199-8E24837244A3}.DebugAS|x64.Build.0 = Release|Win32
		{B12702AD-ABFB-343A-A199-8E24837244A3}.DebugAS|x86.ActiveCfg = Debug|Win32
		{B12702AD-ABFB-343A-A199-8E24837244A3}.DebugAS|x86.Build.0 = Debug|Win32
		{B12702AD-ABFB-343A-A199-8E24837244A3}.DebugUD|Win32.ActiveCfg = Debug|Win32
		{B12702AD-ABFB-343A-A199-8E24837244A3}.DebugUD|x64.ActiveCfg = Release|Win32
		{B12702AD-ABFB-343A-A199-8E24837244A3}.DebugUD|x64.Build.0 = Release|Win32
		{B12702AD-ABFB-343A-A199-8E24837244A3}.DebugUD|x86.ActiveCfg = Debug|Win32
		{B12702AD-ABFB-343A-A199-8E24837244A3}.DebugUD|x86.Build.0 = Debug|Win32
		{B12702AD-ABFB-343A-A199-8E24837244A3}.DebugUS|Win32.ActiveCfg = Debug|Win32
		{B12702AD-ABFB-343A-A199-8E24837244A3}.DebugUS|x64.ActiveCfg = Release|Win32
		{B12702AD-ABFB-343A-A199-8E24837244A3}.DebugUS|x64.Build.0 = Release|Win32
		{B12702AD-ABFB-343A-A199-8E24837244A3}.DebugUS|x86.ActiveCfg = Debug|Win32
		{B12702AD-ABFB-343A-A199-8E24837244A3}.DebugUS|x86.Build.0 = Debug|Win32
		{B12702AD-ABFB-343A-A199-8E24837244A3}.Release MySQL|Win32.ActiveCfg = Release|Win32
		{B12702AD-ABFB-343A-A199-8E24837244A3}.Release MySQL|x64.ActiveCfg = Release|Win32
		{B12702AD-ABFB-343A-A199-8E24837244A3}.Release MySQL|x86.ActiveCfg = Release|Win32
		{B12702AD-ABFB-343A-A199-8E24837244A3}.Release|Win32.ActiveCfg = Release|Win32
		{B12702AD-ABFB-343A-A199-8E24837244A3}.Release|x64.ActiveCfg = Release|Win32
		{B12702AD-ABFB-343A-A199-8E24837244A3}.Release|x86.ActiveCfg = Release|Win32
		{B12702AD-ABFB-343A-A199-8E24837244A3}.Release|x86.Build.0 = Release|Win32
		{B12702AD-ABFB-343A-A199-8E24837244A3}.ReleaseAD|Win32.ActiveCfg = Release|Win32
		{B12702AD-ABFB-343A-A199-8E24837244A3}.ReleaseAD|x64.ActiveCfg = Release|Win32
		{B12702AD-ABFB-343A-A199-8E24837244A3}.ReleaseAD|x64.Build.0 = Release|Win32
		{B12702AD-ABFB-343A-A199-8E24837244A3}.ReleaseAD|x86.ActiveCfg = Release|Win32
		{B12702AD-ABFB-343A-A199-8E24837244A3}.ReleaseAD|x86.Build.0 = Release|Win32
		{B12702AD-ABFB-343A-A199-8E24837244A3}.ReleaseAS|Win32.ActiveCfg = Release|Win32
		{B12702AD-ABFB-343A-A199-8E24837244A3}.ReleaseAS|x64.ActiveCfg = Release|Win32
		{B12702AD-ABFB-343A-A199-8E24837244A3}.ReleaseAS|x64.Build.0 = Release|Win32
		{B12702AD-ABFB-343A-A199-8E24837244A3}.ReleaseAS|x86.ActiveCfg = Release|Win32
		{B12702AD-ABFB-343A-A199-8E24837244A3}.ReleaseAS|x86.Build.0 = Release|Win32
		{B12702AD-ABFB-343A-A199-8E24837244A3}.ReleaseUD|Win32.ActiveCfg = Release|Win32
		{B12702AD-ABFB-343A-A199-8E24837244A3}.ReleaseUD|x64.ActiveCfg = Release|Win32
		{B12702AD-ABFB-343A-A199-8E24837244A3}.ReleaseUD|x64.Build.0 = Release|Win32
		{B12702AD-ABFB-343A-A199-8E24837244A3}.ReleaseUD|x86.ActiveCfg = Release|Win32
		{B12702AD-ABFB-343A-A199-8E24837244A3}.ReleaseUD|x86.Build.0 = Release|Win32
		{B12702AD-ABFB-343A-A199-8E24837244A3}.ReleaseUS|Win32.ActiveCfg = Release|Win32
		{B12702AD-ABFB-343A-A199-8E24837244A3}.ReleaseUS|x64.ActiveCfg = Release|Win32
		{B12702AD-ABFB-343A-A199-8E24837244A3}.ReleaseUS|x64.Build.0 = Release|Win32
		{B12702AD-ABFB-343A-A199-8E24837244A3}.ReleaseUS|x86.ActiveCfg = Release|Win32
		{B12702AD-ABFB-343A-A199-8E24837244A3}.ReleaseUS|x86.Build.0 = Release|Win32
		{CB385198-50B1-4CF4-883B-11F042DED6AA}.Debug MySQL|Win32.ActiveCfg = Debug|Win32
		{CB385198-50B1-4CF4-883B-11F042DED6AA}.Debug MySQL|Win32.Build.0 = Debug|Win32
		{CB385198-50B1-4CF4-883B-11F042DED6AA}.Debug MySQL|x64.ActiveCfg = Debug|x64
		{CB385198-50B1-4CF4-883B-11F042DED6AA}.Debug MySQL|x64.Build.0 = Debug|x64
		{CB385198-50B1-4CF4-883B-11F042DED6AA}.Debug MySQL|x86.ActiveCfg = Debug|Win32
		{CB385198-50B1-4CF4-883B-11F042DED6AA}.Debug MySQL|x86.Build.0 = Debug|Win32
		{CB385198-50B1-4CF4-883B-11F042DED6AA}.Debug|Win32.ActiveCfg = Debug|Win32
		{CB385198-50B1-4CF4-883B-11F042DED6AA}.Debug|Win32.Build.0 = Debug|Win32
		{CB385198-50B1-4CF4-883B-11F042DED6AA}.Debug|x64.ActiveCfg = Debug|x64
		{CB385198-50B1-4CF4-883B-11F042DED6AA}.Debug|x64.Build.0 = Debug|x64
		{CB385198-50B1-4CF4-883B-11F042DED6AA}.Debug|x86.ActiveCfg = Debug|Win32
		{CB385198-50B1-4CF4-883B-11F042DED6AA}.Debug|x86.Build.0 = Debug|Win32
		{CB385198-50B1-4CF4-883B-11F042DED6AA}.DebugAD|Win32.ActiveCfg = Debug|Win32
		{CB385198-50B1-4CF4-883B-11F042DED6AA}.DebugAD|Win32.Build.0 = Debug|Win32
		{CB385198-50B1-4CF4-883B-11F042DED6AA}.DebugAD|x64.ActiveCfg = Debug|x64
		{CB385198-50B1-4CF4-883B-11F042DED6AA}.DebugAD|x64.Build.0 = Debug|x64
		{CB385198-50B1-4CF4-883B-11F042DED6AA}.DebugAD|x86.ActiveCfg = Debug|Win32
		{CB385198-50B1-4CF4-883B-11F042DED6AA}.DebugAD|x86.Build.0 = Debug|Win32
		{CB385198-50B1-4CF4-883B-11F042DED6AA}.DebugAS|Win32.ActiveCfg = Debug|Win32
		{CB385198-50B1-4CF4-883B-11F042DED6AA}.DebugAS|Win32.Build.0 = Debug|Win32
		{CB385198-50B1-4CF4-883B-11F042DED6AA}.DebugAS|x64.ActiveCfg = Debug|x64
		{CB385198-50B1-4CF4-883B-11F042DED6AA}.DebugAS|x64.Build.0 = Debug|x64
		{CB385198-50B1-4CF4-883B-11F042DED6AA}.DebugAS|x86.ActiveCfg = Debug|Win32
		{CB385198-50B1-4CF4-883B-11F042DED6AA}.DebugAS|x86.Build.0 = Debug|Win32
		{CB385198-50B1-4CF4-883B-11F042DED6AA}.DebugUD|Win32.ActiveCfg = Debug|Win32
		{CB385198-50B1-4CF4-883B-11F042DED6AA}.DebugUD|Win32.Build.0 = Debug|Win32
		{CB385198-50B1-4CF4-883B-11F042DED6AA}.DebugUD|x64.ActiveCfg = Debug|x64
		{CB385198-50B1-4CF4-883B-11F042DED6AA}.DebugUD|x64.Build.0 = Debug|x64
		{CB385198-50B1-4CF4-883B-11F042DED6AA}.DebugUD|x86.ActiveCfg = Debug|Win32
		{CB385198-50B1-4CF4-883B-11F042DED6AA}.DebugUD|x86.Build.0 = Debug|Win32
		{CB385198-50B1-4CF4-883B-11F042DED6AA}.DebugUS|Win32.ActiveCfg = Debug|Win32
		{CB385198-50B1-4CF4-883B-11F042DED6AA}.DebugUS|Win32.Build.0 = Debug|Win32
		{CB385198-50B1-4CF4-883B-11F042DED6AA}.DebugUS|x64.ActiveCfg = Debug|x64
		{CB385198-50B1-4CF4-883B-11F042DED6AA}.DebugUS|x64.Build.0 = Debug|x64
		{CB385198-50B1-4CF4-883B-11F042DED6AA}.DebugUS|x86.ActiveCfg = Debug|Win32
		{CB385198-50B1-4CF4-883B-11F042DED6AA}.DebugUS|x86.Build.0 = Debug|Win32
		{CB385198-50B1-4CF4-883B-11F042DED6AA}.Release MySQL|Win32.ActiveCfg = Release|Win32
		{CB385198-50B1-4CF4-883B-11F042DED6AA}.Release MySQL|Win32.Build.0 = Release|Win32
		{CB385198-50B1-4CF4-883B-11F042DED6AA}.Release MySQL|x64.ActiveCfg = Release|x64
		{CB385198-50B1-4CF4-883B-11F042DED6AA}.Release MySQL|x64.Build.0 = Release|x64
		{CB385198-50B1-4CF4-883B-11F042DED6AA}.Release MySQL|x86.ActiveCfg = Release|Win32
		{CB385198-50B1-4CF4-883B-11F042DED6AA}.Release MySQL|x86.Build.0 = Release|Win32
		{CB385198-50B1-4CF4-883B-11F042DED6AA}.Release|Win32.ActiveCfg = Release|Win32
		{CB385198-50B1-4CF4-883B-11F042DED6AA}.Release|Win32.Build.0 = Release|Win32
		{CB385198-50B1-4CF4-883B-11F042DED6AA}.Release|x64.ActiveCfg = Release|x64
		{CB385198-50B1-4CF4-883B-11F042DED6AA}.Release|x64.Build.0 = Release|x64
		{CB385198-50B1-4CF4-883B-11F042DED6AA}.Release|x86.ActiveCfg = Release|Win32
		{CB385198-50B1-4CF4-883B-11F042DED6AA}.Release|x86.Build.0 = Release|Win32
		{CB385198-50B1-4CF4-883B-11F042DED6AA}.ReleaseAD|Win32.ActiveCfg = Release|Win32
		{CB385198-50B1-4CF4-883B-11F042DED6AA}.ReleaseAD|Win32.Build.0 = Release|Win32
		{CB385198-50B1-4CF4-883B-11F042DED6AA}.ReleaseAD|x64.ActiveCfg = Release|x64
		{CB385198-50B1-4CF4-883B-11F042DED6AA}.ReleaseAD|x64.Build.0 = Release|x64
		{CB385198-50B1-4CF4-883B-11F042DED6AA}.ReleaseAD|x86.ActiveCfg = Release|Win32
		{CB385198-50B1-4CF4-883B-11F042DED6AA}.ReleaseAD|x86.Build.0 = Release|Win32
		{CB385198-50B1-4CF4-883B-11F042DED6AA}.ReleaseAS|Win32.ActiveCfg = Release|Win32
		{CB385198-50B1-4CF4-883B-11F042DED6AA}.ReleaseAS|Win32.Build.0 = Release|Win32
		{CB385198-50B1-4CF4-883B-11F042DED6AA}.ReleaseAS|x64.ActiveCfg = Release|x64
		{CB385198-50B1-4CF4-883B-11F042DED6AA}.ReleaseAS|x64.Build.0 = Release|x64
		{CB385198-50B1-4CF4-883B-11F042DED6AA}.ReleaseAS|x86.ActiveCfg = Release|Win32
		{CB385198-50B1-4CF4-883B-11F042DED6AA}.ReleaseAS|x86.Build.0 = Release|Win32
		{CB385198-50B1-4CF4-883B-11F042DED6AA}.ReleaseUD|Win32.ActiveCfg = Release|Win32
		{CB385198-50B1-4CF4-883B-11F042DED6AA}.ReleaseUD|Win32.Build.0 = Release|Win32
		{CB385198-50B1-4CF4-883B-11F042DED6AA}.ReleaseUD|x64.ActiveCfg = Release|x64
		{CB385198-50B1-4CF4-883B-11F042DED6AA}.ReleaseUD|x64.Build.0 = Release|x64
		{CB385198-50B1-4CF4-883B-11F042DED6AA}.ReleaseUD|x86.ActiveCfg = Release|Win32
		{CB385198-50B1-4CF4-883B-11F042DED6AA}.ReleaseUD|x86.Build.0 = Release|Win32
		{CB385198-50B1-4CF4-883B-11F042DED6AA}.ReleaseUS|Win32.ActiveCfg = Release|Win32
		{CB385198-50B1-4CF4-883B-11F042DED6AA}.ReleaseUS|Win32.Build.0 = Release|Win32
		{CB385198-50B1-4CF4-883B-11F042DED6AA}.ReleaseUS|x64.ActiveCfg = Release|x64
		{CB385198-50B1-4CF4-883B-11F042DED6AA}.ReleaseUS|x64.Build.0 = Release|x64
		{CB385198-50B1-4CF4-883B-11F042DED6AA}.ReleaseUS|x86.ActiveCfg = Release|Win32
		{CB385198-50B1-4CF4-883B-11F042DED6AA}.ReleaseUS|x86.Build.0 = Release|Win32
		{3064D255-1A92-4680-AF10-7FF7A90B5EF2}.Debug MySQL|Win32.ActiveCfg = Debug|Win32
		{3064D255-1A92-4680-AF10-7FF7A90B5EF2}.Debug MySQL|Win32.Build.0 = Debug|Win32
		{3064D255-1A92-4680-AF10-7FF7A90B5EF2}.Debug MySQL|x64.ActiveCfg = Debug|x64
		{3064D255-1A92-4680-AF10-7FF7A90B5EF2}.Debug MySQL|x64.Build.0 = Debug|x64
		{3064D255-1A92-4680-AF10-7FF7A90B5EF2}.Debug MySQL|x86.ActiveCfg = Debug|Win32
		{3064D255-1A92-4680-AF10-7FF7A90B5EF2}.Debug MySQL|x86.Build.0 = Debug|Win32
		{3064D255-1A92-4680-AF10-7FF7A90B5EF2}.Debug|Win32.ActiveCfg = Debug|Win32
		{3064D255-1A92-4680-AF10-7FF7A90B5EF2}.Debug|Win32.Build.0 = Debug|Win32
		{3064D255-1A92-4680-AF10-7FF7A90B5EF2}.Debug|x64.ActiveCfg = Debug|x64
		{3064D255-1A92-4680-AF10-7FF7A90B5EF2}.Debug|x64.Build.0 = Debug|x64
		{3064D255-1A92-4680-AF10-7FF7A90B5EF2}.Debug|x86.ActiveCfg = Debug|Win32
		{3064D255-1A92-4680-AF10-7FF7A90B5EF2}.Debug|x86.Build.0 = Debug|Win32
		{3064D255-1A92-4680-AF10-7FF7A90B5EF2}.DebugAD|Win32.ActiveCfg = Debug|Win32
		{3064D255-1A92-4680-AF10-7FF7A90B5EF2}.DebugAD|Win32.Build.0 = Debug|Win32
		{3064D255-1A92-4680-AF10-7FF7A90B5EF2}.DebugAD|x64.ActiveCfg = Debug|x64
		{3064D255-1A92-4680-AF10-7FF7A90B5EF2}.DebugAD|x64.Build.0 = Debug|x64
		{3064D255-1A92-4680-AF10-7FF7A90B5EF2}.DebugAD|x86.ActiveCfg = Debug|Win32
		{3064D255-1A92-4680-AF10-7FF7A90B5EF2}.DebugAD|x86.Build.0 = Debug|Win32
		{3064D255-1A92-4680-AF10-7FF7A90B5EF2}.DebugAS|Win32.ActiveCfg = Debug|Win32
		{3064D255-1A92-4680-AF10-7FF7A90B5EF2}.DebugAS|Win32.Build.0 = Debug|Win32
		{3064D255-1A92-4680-AF10-7FF7A90B5EF2}.DebugAS|x64.ActiveCfg = Debug|x64
		{3064D255-1A92-4680-AF10-7FF7A90B5EF2}.DebugAS|x64.Build.0 = Debug|x64
		{3064D255-1A92-4680-AF10-7FF7A90B5EF2}.DebugAS|x86.ActiveCfg = Debug|Win32
		{3064D255-1A92-4680-AF10-7FF7A90B5EF2}.DebugAS|x86.Build.0 = Debug|Win32
		{3064D255-1A92-4680-AF10-7FF7A90B5EF2}.DebugUD|Win32.ActiveCfg = Debug|Win32
		{3064D255-1A92-4680-AF10-7FF7A90B5EF2}.DebugUD|Win32.Build.0 = Debug|Win32
		{3064D255-1A92-4680-AF10-7FF7A90B5EF2}.DebugUD|x64.ActiveCfg = Debug|x64
		{3064D255-1A92-4680-AF10-7FF7A90B5EF2}.DebugUD|x64.Build.0 = Debug|x64
		{3064D255-1A92-4680-AF10-7FF7A90B5EF2}.DebugUD|x86.ActiveCfg = Debug|Win32
		{3064D255-1A92-4680-AF10-7FF7A90B5EF2}.DebugUD|x86.Build.0 = Debug|Win32
		{3064D255-1A92-4680-AF10-7FF7A90B5EF2}.DebugUS|Win32.ActiveCfg = Debug|Win32
		{3064D255-1A92-4680-AF10-7FF7A90B5EF2}.DebugUS|Win32.Build.0 = Debug|Win32
		{3064D255-1A92-4680-AF10-7FF7A90B5EF2}.DebugUS|x64.ActiveCfg = Debug|x64
		{3064D255-1A92-4680-AF10-7FF7A90B5EF2}.DebugUS|x64.Build.0 = Debug|x64
		{3064D255-1A92-4680-AF10-7FF7A90B5EF2}.DebugUS|x86.ActiveCfg = Debug|Win32
		{3064D255-1A92-4680-AF10-7FF7A90B5EF2}.DebugUS|x86.Build.0 = Debug|Win32
		{3064D255-1A92-4680-AF10-7FF7A90B5EF2}.Release MySQL|Win32.ActiveCfg = Release|Win32
		{3064D255-1A92-4680-AF10-7FF7A90B5EF2}.Release MySQL|Win32.Build.0 = Release|Win32
		{3064D255-1A92-4680-AF10-7FF7A90B5EF2}.Release MySQL|x64.ActiveCfg = Release|x64
		{3064D255-1A92-4680-AF10-7FF7A90B5EF2}.Release MySQL|x64.Build.0 = Release|x64
		{3064D255-1A92-4680-AF10-7FF7A90B5EF2}.Release MySQL|x86.ActiveCfg = Release|Win32
		{3064D255-1A92-4680-AF10-7FF7A90B5EF2}.Release MySQL|x86.Build.0 = Release|Win32
		{3064D255-1A92-4680-AF10-7FF7A90B5EF2}.Release|Win32.ActiveCfg = Release|Win32
		{3064D255-1A92-4680-AF10-7FF7A90B5EF2}.Release|Win32.Build.0 = Release|Win32
		{3064D255-1A92-4680-AF10-7FF7A90B5EF2}.Release|x64.ActiveCfg = Release|x64
		{3064D255-1A92-4680-AF10-7FF7A90B5EF2}.Release|x64.Build.0 = Release|x64
		{3064D255-1A92-4680-AF10-7FF7A90B5EF2}.Release|x86.ActiveCfg = Release|Win32
		{3064D255-1A92-4680-AF10-7FF7A90B5EF2}.Release|x86.Build.0 = Release|Win32
		{3064D255-1A92-4680-AF10-7FF7A90B5EF2}.ReleaseAD|Win32.ActiveCfg = Release|Win32
		{3064D255-1A92-4680-AF10-7FF7A90B5EF2}.ReleaseAD|Win32.Build.0 = Release|Win32
		{3064D255-1A92-4680-AF10-7FF7A90B5EF2}.ReleaseAD|x64.ActiveCfg = Release|x64
		{3064D255-1A92-4680-AF10-7FF7A90B5EF2}.ReleaseAD|x64.Build.0 = Release|x64
		{3064D255-1A92-4680-AF10-7FF7A90B5EF2}.ReleaseAD|x86.ActiveCfg = Release|Win32
		{3064D255-1A92-4680-AF10-7FF7A90B5EF2}.ReleaseAD|x86.Build.0 = Release|Win32
		{3064D255-1A92-4680-AF10-7FF7A90B5EF2}.ReleaseAS|Win32.ActiveCfg = Release|Win32
		{3064D255-1A92-4680-AF10-7FF7A90B5EF2}.ReleaseAS|Win32.Build.0 = Release|Win32
		{3064D255-1A92-4680-AF10-7FF7A90B5EF2}.ReleaseAS|x64.ActiveCfg = Release|x64
		{3064D255-1A92-4680-AF10-7FF7A90B5EF2}.ReleaseAS|x64.Build.0 = Release|x64
		{3064D255-1A92-4680-AF10-7FF7A90B5EF2}.ReleaseAS|x86.ActiveCfg = Release|Win32
		{3064D255-1A92-4680-AF10-7FF7A90B5EF2}.ReleaseAS|x86.Build.0 = Release|Win32
		{3064D255-1A92-4680-AF10-7FF7A90B5EF2}.ReleaseUD|Win32.ActiveCfg = Release|Win32
		{3064D255-1A92-4680-AF10-7FF7A90B5EF2}.ReleaseUD|Win32.Build.0 = Release|Win32
		{3064D255-1A92-4680-AF10-7FF7A90B5EF2}.ReleaseUD|x64.ActiveCfg = Release|x64
		{3064D255-1A92-4680-AF10-7FF7A90B5EF2}.ReleaseUD|x64.Build.0 = Release|x64
		{3064D255-1A92-4680-AF10-7FF7A90B5EF2}.ReleaseUD|x86.ActiveCfg = Release|Win32
		{3064D255-1A92-4680-AF10-7FF7A90B5EF2}.ReleaseUD|x86.Build.0 = Release|Win32
		{3064D255-1A92-4680-AF10-7FF7A90B5EF2}.ReleaseUS|Win32.ActiveCfg = Release|Win32
		{3064D255-1A92-4680-AF10-7FF7A90B5EF2}.ReleaseUS|Win32.Build.0 = Release|Win32
		{3064D255-1A92-4680-AF10-7FF7A90B5EF2}.ReleaseUS|x64.ActiveCfg = Release|x64
		{3064D255-1A92-4680-AF10-7FF7A90B5EF2}.ReleaseUS|x64.Build.0 = Release|x64
		{3064D255-1A92-4680-AF10-7FF7A90B5EF2}.ReleaseUS|x86.ActiveCfg = Release|Win32
		{3064D255-1A92-4680-AF10-7FF7A90B5EF2}.ReleaseUS|x86.Build.0 = Release|Win32
	EndGlobalSection
	GlobalSection(SolutionProperties) = preSolution
		HideSolutionNode = FALSE
	EndGlobalSection
EndGlobal
